
Microsoft Visual Studio Solution File, Format Version 12.00
# Visual Studio Version 16
VisualStudioVersion = 16.0.31605.320
MinimumVisualStudioVersion = 10.0.40219.1
Project("{FAE04EC0-301F-11D3-BF4B-00C04F79EFBC}") = "Chess", "Chess.csproj", "{8547ECBE-71FC-4452-8EFA-882CD6F85976}"
EndProject
Global
	GlobalSection(SolutionConfigurationPlatforms) = preSolution
		Debug|Any CPU = Debug|Any CPU
		Release|Any CPU = Release|Any CPU
	EndGlobalSection
	GlobalSection(ProjectConfigurationPlatforms) = postSolution
		{8547ECBE-71FC-4452-8EFA-882CD6F85976}.Debug|Any CPU.ActiveCfg = Debug|Any CPU
		{8547ECBE-71FC-4452-8EFA-882CD6F85976}.Debug|Any CPU.Build.0 = Debug|Any CPU
		{8547ECBE-71FC-4452-8EFA-882CD6F85976}.Release|Any CPU.ActiveCfg = Release|Any CPU
		{8547ECBE-71FC-4452-8EFA-882CD6F85976}.Release|Any CPU.Build.0 = Release|Any CPU
	EndGlobalSection
	GlobalSection(SolutionProperties) = preSolution
		HideSolutionNode = FALSE
	EndGlobalSection
	GlobalSection(ExtensibilityGlobals) = postSolution
		SolutionGuid = {CBFFFF63-F6B8-45C7-8778-393BEDE3A44D}
	EndGlobalSection
EndGlobal
